
Microsoft Visual Studio Solution File, Format Version 12.00
# Visual Studio Version 16
VisualStudioVersion = 16.0.29806.167
MinimumVisualStudioVersion = 10.0.40219.1
Project("{2150E333-8FDC-42A3-9474-1A3956D46DE8}") = "API", "API", "{AAAF617A-33CA-40B3-83C8-598DD2165641}"
EndProject
Project("{9A19103F-16F7-4668-BE54-9A1E7A4F7556}") = "Spoint.Api", "src\Spoint.Api\Spoint.Api.csproj", "{DD525FE5-198B-477A-ACE2-A2168AA66D00}"
EndProject
Project("{2150E333-8FDC-42A3-9474-1A3956D46DE8}") = "Domain", "Domain", "{24E7C317-CAE5-49EB-AF59-820AC2A0C391}"
EndProject
Project("{2150E333-8FDC-42A3-9474-1A3956D46DE8}") = "Customers", "Customers", "{CD632DCA-D517-4F58-A67E-60F3454FA8E1}"
EndProject
Project("{2150E333-8FDC-42A3-9474-1A3956D46DE8}") = "CQRS", "CQRS", "{BCB399C2-43C3-4C6F-ACF1-AA61921BA0C7}"
EndProject
Project("{2150E333-8FDC-42A3-9474-1A3956D46DE8}") = "Domain", "Domain", "{E20D81C9-F690-49A6-BA7C-B6E1024FFD19}"
EndProject
Project("{2150E333-8FDC-42A3-9474-1A3956D46DE8}") = "Infra", "Infra", "{6155EAFB-B567-4BD2-8B59-CBF7DB9ABC1A}"
EndProject
Project("{2150E333-8FDC-42A3-9474-1A3956D46DE8}") = "Core", "Core", "{7C50BC06-4DE9-49FC-88D2-49B1CDE18A44}"
EndProject
Project("{9A19103F-16F7-4668-BE54-9A1E7A4F7556}") = "Customers.Domain", "src\Customers.Domain\Customers.Domain.csproj", "{55B39F46-66E2-4E0A-A476-16B2B2D781EB}"
EndProject
Project("{9A19103F-16F7-4668-BE54-9A1E7A4F7556}") = "Customers.Infra.CrossCutting", "src\Customers.Infra.CrossCutting\Customers.Infra.CrossCutting.csproj", "{8DA3F466-A3F8-49B6-8CB6-CABE1364EF22}"
EndProject
Project("{9A19103F-16F7-4668-BE54-9A1E7A4F7556}") = "Customers.Infra.Data.Mongo", "src\Customers.Infra.Data.Mongo\Customers.Infra.Data.Mongo.csproj", "{821DD1C5-C657-44EE-A5E0-FDEA8935AC22}"
EndProject
Project("{9A19103F-16F7-4668-BE54-9A1E7A4F7556}") = "Customer.Command", "src\Customer.Command\Customer.Command.csproj", "{6FE60D51-2FD7-46A1-87ED-933FB70F2602}"
EndProject
Project("{9A19103F-16F7-4668-BE54-9A1E7A4F7556}") = "Customer.CommandStack", "src\Customer.CommandStack\Customer.CommandStack.csproj", "{D66EF63B-71BE-4B15-811D-C1B4AA2F6C7B}"
EndProject
Project("{9A19103F-16F7-4668-BE54-9A1E7A4F7556}") = "Core.Domains", "src\Core.Domains\Core.Domains.csproj", "{5ACBA7C7-CF67-4541-8BB3-C86876A7C9AB}"
EndProject
Project("{2150E333-8FDC-42A3-9474-1A3956D46DE8}") = "Tests", "Tests", "{E10FAAB7-4F3F-4AC1-A314-53ADD8FDDE4D}"
EndProject
Global
	GlobalSection(SolutionConfigurationPlatforms) = preSolution
		Debug|Any CPU = Debug|Any CPU
		Release|Any CPU = Release|Any CPU
	EndGlobalSection
	GlobalSection(ProjectConfigurationPlatforms) = postSolution
		{DD525FE5-198B-477A-ACE2-A2168AA66D00}.Debug|Any CPU.ActiveCfg = Debug|Any CPU
		{DD525FE5-198B-477A-ACE2-A2168AA66D00}.Debug|Any CPU.Build.0 = Debug|Any CPU
		{DD525FE5-198B-477A-ACE2-A2168AA66D00}.Release|Any CPU.ActiveCfg = Release|Any CPU
		{DD525FE5-198B-477A-ACE2-A2168AA66D00}.Release|Any CPU.Build.0 = Release|Any CPU
		{55B39F46-66E2-4E0A-A476-16B2B2D781EB}.Debug|Any CPU.ActiveCfg = Debug|Any CPU
		{55B39F46-66E2-4E0A-A476-16B2B2D781EB}.Debug|Any CPU.Build.0 = Debug|Any CPU
		{55B39F46-66E2-4E0A-A476-16B2B2D781EB}.Release|Any CPU.ActiveCfg = Release|Any CPU
		{55B39F46-66E2-4E0A-A476-16B2B2D781EB}.Release|Any CPU.Build.0 = Release|Any CPU
		{8DA3F466-A3F8-49B6-8CB6-CABE1364EF22}.Debug|Any CPU.ActiveCfg = Debug|Any CPU
		{8DA3F466-A3F8-49B6-8CB6-CABE1364EF22}.Debug|Any CPU.Build.0 = Debug|Any CPU
		{8DA3F466-A3F8-49B6-8CB6-CABE1364EF22}.Release|Any CPU.ActiveCfg = Release|Any CPU
		{8DA3F466-A3F8-49B6-8CB6-CABE1364EF22}.Release|Any CPU.Build.0 = Release|Any CPU
		{821DD1C5-C657-44EE-A5E0-FDEA8935AC22}.Debug|Any CPU.ActiveCfg = Debug|Any CPU
		{821DD1C5-C657-44EE-A5E0-FDEA8935AC22}.Debug|Any CPU.Build.0 = Debug|Any CPU
		{821DD1C5-C657-44EE-A5E0-FDEA8935AC22}.Release|Any CPU.ActiveCfg = Release|Any CPU
		{821DD1C5-C657-44EE-A5E0-FDEA8935AC22}.Release|Any CPU.Build.0 = Release|Any CPU
		{6FE60D51-2FD7-46A1-87ED-933FB70F2602}.Debug|Any CPU.ActiveCfg = Debug|Any CPU
		{6FE60D51-2FD7-46A1-87ED-933FB70F2602}.Debug|Any CPU.Build.0 = Debug|Any CPU
		{6FE60D51-2FD7-46A1-87ED-933FB70F2602}.Release|Any CPU.ActiveCfg = Release|Any CPU
		{6FE60D51-2FD7-46A1-87ED-933FB70F2602}.Release|Any CPU.Build.0 = Release|Any CPU
		{D66EF63B-71BE-4B15-811D-C1B4AA2F6C7B}.Debug|Any CPU.ActiveCfg = Debug|Any CPU
		{D66EF63B-71BE-4B15-811D-C1B4AA2F6C7B}.Debug|Any CPU.Build.0 = Debug|Any CPU
		{D66EF63B-71BE-4B15-811D-C1B4AA2F6C7B}.Release|Any CPU.ActiveCfg = Release|Any CPU
		{D66EF63B-71BE-4B15-811D-C1B4AA2F6C7B}.Release|Any CPU.Build.0 = Release|Any CPU
		{5ACBA7C7-CF67-4541-8BB3-C86876A7C9AB}.Debug|Any CPU.ActiveCfg = Debug|Any CPU
		{5ACBA7C7-CF67-4541-8BB3-C86876A7C9AB}.Debug|Any CPU.Build.0 = Debug|Any CPU
		{5ACBA7C7-CF67-4541-8BB3-C86876A7C9AB}.Release|Any CPU.ActiveCfg = Release|Any CPU
		{5ACBA7C7-CF67-4541-8BB3-C86876A7C9AB}.Release|Any CPU.Build.0 = Release|Any CPU
	EndGlobalSection
	GlobalSection(SolutionProperties) = preSolution
		HideSolutionNode = FALSE
	EndGlobalSection
	GlobalSection(NestedProjects) = preSolution
		{DD525FE5-198B-477A-ACE2-A2168AA66D00} = {AAAF617A-33CA-40B3-83C8-598DD2165641}
		{CD632DCA-D517-4F58-A67E-60F3454FA8E1} = {24E7C317-CAE5-49EB-AF59-820AC2A0C391}
		{BCB399C2-43C3-4C6F-ACF1-AA61921BA0C7} = {CD632DCA-D517-4F58-A67E-60F3454FA8E1}
		{E20D81C9-F690-49A6-BA7C-B6E1024FFD19} = {CD632DCA-D517-4F58-A67E-60F3454FA8E1}
		{6155EAFB-B567-4BD2-8B59-CBF7DB9ABC1A} = {CD632DCA-D517-4F58-A67E-60F3454FA8E1}
		{7C50BC06-4DE9-49FC-88D2-49B1CDE18A44} = {24E7C317-CAE5-49EB-AF59-820AC2A0C391}
		{55B39F46-66E2-4E0A-A476-16B2B2D781EB} = {E20D81C9-F690-49A6-BA7C-B6E1024FFD19}
		{8DA3F466-A3F8-49B6-8CB6-CABE1364EF22} = {6155EAFB-B567-4BD2-8B59-CBF7DB9ABC1A}
		{821DD1C5-C657-44EE-A5E0-FDEA8935AC22} = {6155EAFB-B567-4BD2-8B59-CBF7DB9ABC1A}
		{6FE60D51-2FD7-46A1-87ED-933FB70F2602} = {BCB399C2-43C3-4C6F-ACF1-AA61921BA0C7}
		{D66EF63B-71BE-4B15-811D-C1B4AA2F6C7B} = {BCB399C2-43C3-4C6F-ACF1-AA61921BA0C7}
		{5ACBA7C7-CF67-4541-8BB3-C86876A7C9AB} = {7C50BC06-4DE9-49FC-88D2-49B1CDE18A44}
	EndGlobalSection
	GlobalSection(ExtensibilityGlobals) = postSolution
		SolutionGuid = {F0B28CF5-3C1A-4628-B5D2-74C687375772}
	EndGlobalSection
EndGlobal
